// !$*UTF8*$!
{
	archiveVersion = 1;
	classes = {
	};
	objectVersion = 50;
	objects = {

/* Begin PBXBuildFile section */
		9F9790A024C8E72F00AFA02B /* AppDelegate.swift in Sources */ = {isa = PBXBuildFile; fileRef = 9F97909F24C8E72F00AFA02B /* AppDelegate.swift */; };
		9F9790A224C8E72F00AFA02B /* SceneDelegate.swift in Sources */ = {isa = PBXBuildFile; fileRef = 9F9790A124C8E72F00AFA02B /* SceneDelegate.swift */; };
		9F9790A424C8E72F00AFA02B /* EmojiMemoryGameView.swift in Sources */ = {isa = PBXBuildFile; fileRef = 9F9790A324C8E72F00AFA02B /* EmojiMemoryGameView.swift */; };
		9F9790A624C8E73100AFA02B /* Assets.xcassets in Resources */ = {isa = PBXBuildFile; fileRef = 9F9790A524C8E73100AFA02B /* Assets.xcassets */; };
		9F9790A924C8E73100AFA02B /* Preview Assets.xcassets in Resources */ = {isa = PBXBuildFile; fileRef = 9F9790A824C8E73100AFA02B /* Preview Assets.xcassets */; };
		9F9790AC24C8E73100AFA02B /* LaunchScreen.storyboard in Resources */ = {isa = PBXBuildFile; fileRef = 9F9790AA24C8E73100AFA02B /* LaunchScreen.storyboard */; };
		9F9790B424C902FD00AFA02B /* MemoryGame.swift in Sources */ = {isa = PBXBuildFile; fileRef = 9F9790B324C902FD00AFA02B /* MemoryGame.swift */; };
		9F9790B624C9052500AFA02B /* EmojiMemoryGame.swift in Sources */ = {isa = PBXBuildFile; fileRef = 9F9790B524C9052500AFA02B /* EmojiMemoryGame.swift */; };
		9F9790B824C99AF300AFA02B /* Grid.swift in Sources */ = {isa = PBXBuildFile; fileRef = 9F9790B724C99AF300AFA02B /* Grid.swift */; };
		9F9790BA24C9BFA800AFA02B /* GridLayout.swift in Sources */ = {isa = PBXBuildFile; fileRef = 9F9790B924C9BFA800AFA02B /* GridLayout.swift */; };
		9F9790BC24C9C5F100AFA02B /* Array+identifiable.swift in Sources */ = {isa = PBXBuildFile; fileRef = 9F9790BB24C9C5F100AFA02B /* Array+identifiable.swift */; };
		9F9790BE24CAEE4800AFA02B /* Array+Only.swift in Sources */ = {isa = PBXBuildFile; fileRef = 9F9790BD24CAEE4800AFA02B /* Array+Only.swift */; };
		9F9790C024CB0B7C00AFA02B /* Pie.swift in Sources */ = {isa = PBXBuildFile; fileRef = 9F9790BF24CB0B7C00AFA02B /* Pie.swift */; };
		9F9790C224CB161800AFA02B /* Cardify.swift in Sources */ = {isa = PBXBuildFile; fileRef = 9F9790C124CB161800AFA02B /* Cardify.swift */; };
/* End PBXBuildFile section */

/* Begin PBXFileReference section */
		9F97909C24C8E72F00AFA02B /* memorize.app */ = {isa = PBXFileReference; explicitFileType = wrapper.application; includeInIndex = 0; path = memorize.app; sourceTree = BUILT_PRODUCTS_DIR; };
		9F97909F24C8E72F00AFA02B /* AppDelegate.swift */ = {isa = PBXFileReference; lastKnownFileType = sourcecode.swift; path = AppDelegate.swift; sourceTree = "<group>"; };
		9F9790A124C8E72F00AFA02B /* SceneDelegate.swift */ = {isa = PBXFileReference; lastKnownFileType = sourcecode.swift; path = SceneDelegate.swift; sourceTree = "<group>"; };
		9F9790A324C8E72F00AFA02B /* EmojiMemoryGameView.swift */ = {isa = PBXFileReference; lastKnownFileType = sourcecode.swift; path = EmojiMemoryGameView.swift; sourceTree = "<group>"; };
		9F9790A524C8E73100AFA02B /* Assets.xcassets */ = {isa = PBXFileReference; lastKnownFileType = folder.assetcatalog; path = Assets.xcassets; sourceTree = "<group>"; };
		9F9790A824C8E73100AFA02B /* Preview Assets.xcassets */ = {isa = PBXFileReference; lastKnownFileType = folder.assetcatalog; path = "Preview Assets.xcassets"; sourceTree = "<group>"; };
		9F9790AB24C8E73100AFA02B /* Base */ = {isa = PBXFileReference; lastKnownFileType = file.storyboard; name = Base; path = Base.lproj/LaunchScreen.storyboard; sourceTree = "<group>"; };
		9F9790AD24C8E73100AFA02B /* Info.plist */ = {isa = PBXFileReference; lastKnownFileType = text.plist.xml; path = Info.plist; sourceTree = "<group>"; };
		9F9790B324C902FD00AFA02B /* MemoryGame.swift */ = {isa = PBXFileReference; lastKnownFileType = sourcecode.swift; path = MemoryGame.swift; sourceTree = "<group>"; };
		9F9790B524C9052500AFA02B /* EmojiMemoryGame.swift */ = {isa = PBXFileReference; lastKnownFileType = sourcecode.swift; path = EmojiMemoryGame.swift; sourceTree = "<group>"; };
		9F9790B724C99AF300AFA02B /* Grid.swift */ = {isa = PBXFileReference; lastKnownFileType = sourcecode.swift; path = Grid.swift; sourceTree = "<group>"; };
		9F9790B924C9BFA800AFA02B /* GridLayout.swift */ = {isa = PBXFileReference; lastKnownFileType = sourcecode.swift; path = GridLayout.swift; sourceTree = "<group>"; };
		9F9790BB24C9C5F100AFA02B /* Array+identifiable.swift */ = {isa = PBXFileReference; lastKnownFileType = sourcecode.swift; path = "Array+identifiable.swift"; sourceTree = "<group>"; };
		9F9790BD24CAEE4800AFA02B /* Array+Only.swift */ = {isa = PBXFileReference; lastKnownFileType = sourcecode.swift; path = "Array+Only.swift"; sourceTree = "<group>"; };
		9F9790BF24CB0B7C00AFA02B /* Pie.swift */ = {isa = PBXFileReference; lastKnownFileType = sourcecode.swift; path = Pie.swift; sourceTree = "<group>"; };
		9F9790C124CB161800AFA02B /* Cardify.swift */ = {isa = PBXFileReference; lastKnownFileType = sourcecode.swift; path = Cardify.swift; sourceTree = "<group>"; };
/* End PBXFileReference section */

/* Begin PBXFrameworksBuildPhase section */
		9F97909924C8E72F00AFA02B /* Frameworks */ = {
			isa = PBXFrameworksBuildPhase;
			buildActionMask = 2147483647;
			files = (
			);
			runOnlyForDeploymentPostprocessing = 0;
		};
/* End PBXFrameworksBuildPhase section */

/* Begin PBXGroup section */
		9F97909324C8E72F00AFA02B = {
			isa = PBXGroup;
			children = (
				9F97909E24C8E72F00AFA02B /* memorize */,
				9F97909D24C8E72F00AFA02B /* Products */,
			);
			sourceTree = "<group>";
		};
		9F97909D24C8E72F00AFA02B /* Products */ = {
			isa = PBXGroup;
			children = (
				9F97909C24C8E72F00AFA02B /* memorize.app */,
			);
			name = Products;
			sourceTree = "<group>";
		};
		9F97909E24C8E72F00AFA02B /* memorize */ = {
			isa = PBXGroup;
			children = (
				9F9790AD24C8E73100AFA02B /* Info.plist */,
				9F97909F24C8E72F00AFA02B /* AppDelegate.swift */,
				9F9790BB24C9C5F100AFA02B /* Array+identifiable.swift */,
				9F9790BD24CAEE4800AFA02B /* Array+Only.swift */,
				9F9790B524C9052500AFA02B /* EmojiMemoryGame.swift */,
				9F9790A324C8E72F00AFA02B /* EmojiMemoryGameView.swift */,
				9F9790BF24CB0B7C00AFA02B /* Pie.swift */,
				9F9790B724C99AF300AFA02B /* Grid.swift */,
				9F9790B924C9BFA800AFA02B /* GridLayout.swift */,
				9F9790B324C902FD00AFA02B /* MemoryGame.swift */,
				9F9790A124C8E72F00AFA02B /* SceneDelegate.swift */,
				9F9790A524C8E73100AFA02B /* Assets.xcassets */,
				9F9790AA24C8E73100AFA02B /* LaunchScreen.storyboard */,
				9F9790A724C8E73100AFA02B /* Preview Content */,
				9F9790C124CB161800AFA02B /* Cardify.swift */,
			);
			path = memorize;
			sourceTree = "<group>";
		};
		9F9790A724C8E73100AFA02B /* Preview Content */ = {
			isa = PBXGroup;
			children = (
				9F9790A824C8E73100AFA02B /* Preview Assets.xcassets */,
			);
			path = "Preview Content";
			sourceTree = "<group>";
		};
/* End PBXGroup section */

/* Begin PBXNativeTarget section */
		9F97909B24C8E72F00AFA02B /* memorize */ = {
			isa = PBXNativeTarget;
			buildConfigurationList = 9F9790B024C8E73100AFA02B /* Build configuration list for PBXNativeTarget "memorize" */;
			buildPhases = (
				9F97909824C8E72F00AFA02B /* Sources */,
				9F97909924C8E72F00AFA02B /* Frameworks */,
				9F97909A24C8E72F00AFA02B /* Resources */,
			);
			buildRules = (
			);
			dependencies = (
			);
			name = memorize;
			productName = memorize;
			productReference = 9F97909C24C8E72F00AFA02B /* memorize.app */;
			productType = "com.apple.product-type.application";
		};
/* End PBXNativeTarget section */

/* Begin PBXProject section */
		9F97909424C8E72F00AFA02B /* Project object */ = {
			isa = PBXProject;
			attributes = {
				LastSwiftUpdateCheck = 1160;
				LastUpgradeCheck = 1160;
				ORGANIZATIONNAME = "CS193p Instructor";
				TargetAttributes = {
					9F97909B24C8E72F00AFA02B = {
						CreatedOnToolsVersion = 11.6;
					};
				};
			};
			buildConfigurationList = 9F97909724C8E72F00AFA02B /* Build configuration list for PBXProject "memorize" */;
			compatibilityVersion = "Xcode 9.3";
			developmentRegion = en;
			hasScannedForEncodings = 0;
			knownRegions = (
				en,
				Base,
			);
			mainGroup = 9F97909324C8E72F00AFA02B;
			productRefGroup = 9F97909D24C8E72F00AFA02B /* Products */;
			projectDirPath = "";
			projectRoot = "";
			targets = (
				9F97909B24C8E72F00AFA02B /* memorize */,
			);
		};
/* End PBXProject section */

/* Begin PBXResourcesBuildPhase section */
		9F97909A24C8E72F00AFA02B /* Resources */ = {
			isa = PBXResourcesBuildPhase;
			buildActionMask = 2147483647;
			files = (
				9F9790AC24C8E73100AFA02B /* LaunchScreen.storyboard in Resources */,
				9F9790A924C8E73100AFA02B /* Preview Assets.xcassets in Resources */,
				9F9790A624C8E73100AFA02B /* Assets.xcassets in Resources */,
			);
			runOnlyForDeploymentPostprocessing = 0;
		};
/* End PBXResourcesBuildPhase section */

/* Begin PBXSourcesBuildPhase section */
		9F97909824C8E72F00AFA02B /* Sources */ = {
			isa = PBXSourcesBuildPhase;
			buildActionMask = 2147483647;
			files = (
				9F9790C224CB161800AFA02B /* Cardify.swift in Sources */,
				9F9790C024CB0B7C00AFA02B /* Pie.swift in Sources */,
				9F9790A024C8E72F00AFA02B /* AppDelegate.swift in Sources */,
				9F9790A224C8E72F00AFA02B /* SceneDelegate.swift in Sources */,
				9F9790B424C902FD00AFA02B /* MemoryGame.swift in Sources */,
				9F9790BE24CAEE4800AFA02B /* Array+Only.swift in Sources */,
				9F9790A424C8E72F00AFA02B /* EmojiMemoryGameView.swift in Sources */,
				9F9790B624C9052500AFA02B /* EmojiMemoryGame.swift in Sources */,
				9F9790BC24C9C5F100AFA02B /* Array+identifiable.swift in Sources */,
				9F9790BA24C9BFA800AFA02B /* GridLayout.swift in Sources */,
				9F9790B824C99AF300AFA02B /* Grid.swift in Sources */,
			);
			runOnlyForDeploymentPostprocessing = 0;
		};
/* End PBXSourcesBuildPhase section */

/* Begin PBXVariantGroup section */
		9F9790AA24C8E73100AFA02B /* LaunchScreen.storyboard */ = {
			isa = PBXVariantGroup;
			children = (
				9F9790AB24C8E73100AFA02B /* Base */,
			);
			name = LaunchScreen.storyboard;
			sourceTree = "<group>";
		};
/* End PBXVariantGroup section */

/* Begin XCBuildConfiguration section */
		9F9790AE24C8E73100AFA02B /* Debug */ = {
			isa = XCBuildConfiguration;
			buildSettings = {
				ALWAYS_SEARCH_USER_PATHS = NO;
				CLANG_ANALYZER_NONNULL = YES;
				CLANG_ANALYZER_NUMBER_OBJECT_CONVERSION = YES_AGGRESSIVE;
				CLANG_CXX_LANGUAGE_STANDARD = "gnu++14";
				CLANG_CXX_LIBRARY = "libc++";
				CLANG_ENABLE_MODULES = YES;
				CLANG_ENABLE_OBJC_ARC = YES;
				CLANG_ENABLE_OBJC_WEAK = YES;
				CLANG_WARN_BLOCK_CAPTURE_AUTORELEASING = YES;
				CLANG_WARN_BOOL_CONVERSION = YES;
				CLANG_WARN_COMMA = YES;
				CLANG_WARN_CONSTANT_CONVERSION = YES;
				CLANG_WARN_DEPRECATED_OBJC_IMPLEMENTATIONS = YES;
				CLANG_WARN_DIRECT_OBJC_ISA_USAGE = YES_ERROR;
				CLANG_WARN_DOCUMENTATION_COMMENTS = YES;
				CLANG_WARN_EMPTY_BODY = YES;
				CLANG_WARN_ENUM_CONVERSION = YES;
				CLANG_WARN_INFINITE_RECURSION = YES;
				CLANG_WARN_INT_CONVERSION = YES;
				CLANG_WARN_NON_LITERAL_NULL_CONVERSION = YES;
				CLANG_WARN_OBJC_IMPLICIT_RETAIN_SELF = YES;
				CLANG_WARN_OBJC_LITERAL_CONVERSION = YES;
				CLANG_WARN_OBJC_ROOT_CLASS = YES_ERROR;
				CLANG_WARN_RANGE_LOOP_ANALYSIS = YES;
				CLANG_WARN_STRICT_PROTOTYPES = YES;
				CLANG_WARN_SUSPICIOUS_MOVE = YES;
				CLANG_WARN_UNGUARDED_AVAILABILITY = YES_AGGRESSIVE;
				CLANG_WARN_UNREACHABLE_CODE = YES;
				CLANG_WARN__DUPLICATE_METHOD_MATCH = YES;
				COPY_PHASE_STRIP = NO;
				DEBUG_INFORMATION_FORMAT = dwarf;
				ENABLE_STRICT_OBJC_MSGSEND = YES;
				ENABLE_TESTABILITY = YES;
				GCC_C_LANGUAGE_STANDARD = gnu11;
				GCC_DYNAMIC_NO_PIC = NO;
				GCC_NO_COMMON_BLOCKS = YES;
				GCC_OPTIMIZATION_LEVEL = 0;
				GCC_PREPROCESSOR_DEFINITIONS = (
					"DEBUG=1",
					"$(inherited)",
				);
				GCC_WARN_64_TO_32_BIT_CONVERSION = YES;
				GCC_WARN_ABOUT_RETURN_TYPE = YES_ERROR;
				GCC_WARN_UNDECLARED_SELECTOR = YES;
				GCC_WARN_UNINITIALIZED_AUTOS = YES_AGGRESSIVE;
				GCC_WARN_UNUSED_FUNCTION = YES;
				GCC_WARN_UNUSED_VARIABLE = YES;
				IPHONEOS_DEPLOYMENT_TARGET = 13.6;
				MTL_ENABLE_DEBUG_INFO = INCLUDE_SOURCE;
				MTL_FAST_MATH = YES;
				ONLY_ACTIVE_ARCH = YES;
				SDKROOT = iphoneos;
				SWIFT_ACTIVE_COMPILATION_CONDITIONS = DEBUG;
				SWIFT_OPTIMIZATION_LEVEL = "-Onone";
			};
			name = Debug;
		};
		9F9790AF24C8E73100AFA02B /* Release */ = {
			isa = XCBuildConfiguration;
			buildSettings = {
				ALWAYS_SEARCH_USER_PATHS = NO;
				CLANG_ANALYZER_NONNULL = YES;
				CLANG_ANALYZER_NUMBER_OBJECT_CONVERSION = YES_AGGRESSIVE;
				CLANG_CXX_LANGUAGE_STANDARD = "gnu++14";
				CLANG_CXX_LIBRARY = "libc++";
				CLANG_ENABLE_MODULES = YES;
				CLANG_ENABLE_OBJC_ARC = YES;
				CLANG_ENABLE_OBJC_WEAK = YES;
				CLANG_WARN_BLOCK_CAPTURE_AUTORELEASING = YES;
				CLANG_WARN_BOOL_CONVERSION = YES;
				CLANG_WARN_COMMA = YES;
				CLANG_WARN_CONSTANT_CONVERSION = YES;
				CLANG_WARN_DEPRECATED_OBJC_IMPLEMENTATIONS = YES;
				CLANG_WARN_DIRECT_OBJC_ISA_USAGE = YES_ERROR;
				CLANG_WARN_DOCUMENTATION_COMMENTS = YES;
				CLANG_WARN_EMPTY_BODY = YES;
				CLANG_WARN_ENUM_CONVERSION = YES;
				CLANG_WARN_INFINITE_RECURSION = YES;
				CLANG_WARN_INT_CONVERSION = YES;
				CLANG_WARN_NON_LITERAL_NULL_CONVERSION = YES;
				CLANG_WARN_OBJC_IMPLICIT_RETAIN_SELF = YES;
				CLANG_WARN_OBJC_LITERAL_CONVERSION = YES;
				CLANG_WARN_OBJC_ROOT_CLASS = YES_ERROR;
				CLANG_WARN_RANGE_LOOP_ANALYSIS = YES;
				CLANG_WARN_STRICT_PROTOTYPES = YES;
				CLANG_WARN_SUSPICIOUS_MOVE = YES;
				CLANG_WARN_UNGUARDED_AVAILABILITY = YES_AGGRESSIVE;
				CLANG_WARN_UNREACHABLE_CODE = YES;
				CLANG_WARN__DUPLICATE_METHOD_MATCH = YES;
				COPY_PHASE_STRIP = NO;
				DEBUG_INFORMATION_FORMAT = "dwarf-with-dsym";
				ENABLE_NS_ASSERTIONS = NO;
				ENABLE_STRICT_OBJC_MSGSEND = YES;
				GCC_C_LANGUAGE_STANDARD = gnu11;
				GCC_NO_COMMON_BLOCKS = YES;
				GCC_WARN_64_TO_32_BIT_CONVERSION = YES;
				GCC_WARN_ABOUT_RETURN_TYPE = YES_ERROR;
				GCC_WARN_UNDECLARED_SELECTOR = YES;
				GCC_WARN_UNINITIALIZED_AUTOS = YES_AGGRESSIVE;
				GCC_WARN_UNUSED_FUNCTION = YES;
				GCC_WARN_UNUSED_VARIABLE = YES;
				IPHONEOS_DEPLOYMENT_TARGET = 13.6;
				MTL_ENABLE_DEBUG_INFO = NO;
				MTL_FAST_MATH = YES;
				SDKROOT = iphoneos;
				SWIFT_COMPILATION_MODE = wholemodule;
				SWIFT_OPTIMIZATION_LEVEL = "-O";
				VALIDATE_PRODUCT = YES;
			};
			name = Release;
		};
		9F9790B124C8E73100AFA02B /* Debug */ = {
			isa = XCBuildConfiguration;
			buildSettings = {
				ASSETCATALOG_COMPILER_APPICON_NAME = AppIcon;
				CODE_SIGN_STYLE = Automatic;
				DEVELOPMENT_ASSET_PATHS = "\"memorize/Preview Content\"";
				DEVELOPMENT_TEAM = 49LSS4CMK7;
				ENABLE_PREVIEWS = YES;
				INFOPLIST_FILE = memorize/Info.plist;
				LD_RUNPATH_SEARCH_PATHS = (
					"$(inherited)",
					"@executable_path/Frameworks",
				);
				PRODUCT_BUNDLE_IDENTIFIER = edu.stanford.cs193p.instructor.memorize;
				PRODUCT_NAME = "$(TARGET_NAME)";
				SWIFT_VERSION = 5.0;
				TARGETED_DEVICE_FAMILY = "1,2";
			};
			name = Debug;
		};
		9F9790B224C8E73100AFA02B /* Release */ = {
			isa = XCBuildConfiguration;
			buildSettings = {
				ASSETCATALOG_COMPILER_APPICON_NAME = AppIcon;
				CODE_SIGN_STYLE = Automatic;
				DEVELOPMENT_ASSET_PATHS = "\"memorize/Preview Content\"";
				DEVELOPMENT_TEAM = 49LSS4CMK7;
				ENABLE_PREVIEWS = YES;
				INFOPLIST_FILE = memorize/Info.plist;
				LD_RUNPATH_SEARCH_PATHS = (
					"$(inherited)",
					"@executable_path/Frameworks",
				);
				PRODUCT_BUNDLE_IDENTIFIER = edu.stanford.cs193p.instructor.memorize;
				PRODUCT_NAME = "$(TARGET_NAME)";
				SWIFT_VERSION = 5.0;
				TARGETED_DEVICE_FAMILY = "1,2";
			};
			name = Release;
		};
/* End XCBuildConfiguration section */

/* Begin XCConfigurationList section */
		9F97909724C8E72F00AFA02B /* Build configuration list for PBXProject "memorize" */ = {
			isa = XCConfigurationList;
			buildConfigurations = (
				9F9790AE24C8E73100AFA02B /* Debug */,
				9F9790AF24C8E73100AFA02B /* Release */,
			);
			defaultConfigurationIsVisible = 0;
			defaultConfigurationName = Release;
		};
		9F9790B024C8E73100AFA02B /* Build configuration list for PBXNativeTarget "memorize" */ = {
			isa = XCConfigurationList;
			buildConfigurations = (
				9F9790B124C8E73100AFA02B /* Debug */,
				9F9790B224C8E73100AFA02B /* Release */,
			);
			defaultConfigurationIsVisible = 0;
			defaultConfigurationName = Release;
		};
/* End XCConfigurationList section */
	};
	rootObject = 9F97909424C8E72F00AFA02B /* Project object */;
}
