// !$*UTF8*$!
{
	archiveVersion = 1;
	classes = {
	};
	objectVersion = 50;
	objects = {

/* Begin PBXBuildFile section */
		9F0BC0F324455BDF00768BA3 /* AppDelegate.swift in Sources */ = {isa = PBXBuildFile; fileRef = 9F0BC0F224455BDF00768BA3 /* AppDelegate.swift */; };
		9F0BC0F524455BDF00768BA3 /* SceneDelegate.swift in Sources */ = {isa = PBXBuildFile; fileRef = 9F0BC0F424455BDF00768BA3 /* SceneDelegate.swift */; };
		9F0BC0FA24455BDF00768BA3 /* Main.storyboard in Resources */ = {isa = PBXBuildFile; fileRef = 9F0BC0F824455BDF00768BA3 /* Main.storyboard */; };
		9F0BC0FC24455BE000768BA3 /* Assets.xcassets in Resources */ = {isa = PBXBuildFile; fileRef = 9F0BC0FB24455BE000768BA3 /* Assets.xcassets */; };
		9F0BC0FF24455BE000768BA3 /* LaunchScreen.storyboard in Resources */ = {isa = PBXBuildFile; fileRef = 9F0BC0FD24455BE000768BA3 /* LaunchScreen.storyboard */; };
		9F0BC10B2445651800768BA3 /* CardCell.swift in Sources */ = {isa = PBXBuildFile; fileRef = 9F0BC10A2445651800768BA3 /* CardCell.swift */; };
		9F0BC10D2445664300768BA3 /* WeaponsTableViewController.swift in Sources */ = {isa = PBXBuildFile; fileRef = 9F0BC10C2445664300768BA3 /* WeaponsTableViewController.swift */; };
		9F0BC10F24456C1C00768BA3 /* UIViewHelper.swift in Sources */ = {isa = PBXBuildFile; fileRef = 9F0BC10E24456C1C00768BA3 /* UIViewHelper.swift */; };
		9FFBB86F2447768E00609A4A /* WeaponDetailViewController.swift in Sources */ = {isa = PBXBuildFile; fileRef = 9FFBB86E2447768E00609A4A /* WeaponDetailViewController.swift */; };
/* End PBXBuildFile section */

/* Begin PBXFileReference section */
		9F0BC0EF24455BDF00768BA3 /* 04.customceil.app */ = {isa = PBXFileReference; explicitFileType = wrapper.application; includeInIndex = 0; path = 04.customceil.app; sourceTree = BUILT_PRODUCTS_DIR; };
		9F0BC0F224455BDF00768BA3 /* AppDelegate.swift */ = {isa = PBXFileReference; lastKnownFileType = sourcecode.swift; path = AppDelegate.swift; sourceTree = "<group>"; };
		9F0BC0F424455BDF00768BA3 /* SceneDelegate.swift */ = {isa = PBXFileReference; lastKnownFileType = sourcecode.swift; path = SceneDelegate.swift; sourceTree = "<group>"; };
		9F0BC0F924455BDF00768BA3 /* Base */ = {isa = PBXFileReference; lastKnownFileType = file.storyboard; name = Base; path = Base.lproj/Main.storyboard; sourceTree = "<group>"; };
		9F0BC0FB24455BE000768BA3 /* Assets.xcassets */ = {isa = PBXFileReference; lastKnownFileType = folder.assetcatalog; path = Assets.xcassets; sourceTree = "<group>"; };
		9F0BC0FE24455BE000768BA3 /* Base */ = {isa = PBXFileReference; lastKnownFileType = file.storyboard; name = Base; path = Base.lproj/LaunchScreen.storyboard; sourceTree = "<group>"; };
		9F0BC10024455BE000768BA3 /* Info.plist */ = {isa = PBXFileReference; lastKnownFileType = text.plist.xml; path = Info.plist; sourceTree = "<group>"; };
		9F0BC10A2445651800768BA3 /* CardCell.swift */ = {isa = PBXFileReference; lastKnownFileType = sourcecode.swift; path = CardCell.swift; sourceTree = "<group>"; };
		9F0BC10C2445664300768BA3 /* WeaponsTableViewController.swift */ = {isa = PBXFileReference; lastKnownFileType = sourcecode.swift; path = WeaponsTableViewController.swift; sourceTree = "<group>"; };
		9F0BC10E24456C1C00768BA3 /* UIViewHelper.swift */ = {isa = PBXFileReference; lastKnownFileType = sourcecode.swift; path = UIViewHelper.swift; sourceTree = "<group>"; };
		9FFBB86E2447768E00609A4A /* WeaponDetailViewController.swift */ = {isa = PBXFileReference; lastKnownFileType = sourcecode.swift; path = WeaponDetailViewController.swift; sourceTree = "<group>"; };
/* End PBXFileReference section */

/* Begin PBXFrameworksBuildPhase section */
		9F0BC0EC24455BDF00768BA3 /* Frameworks */ = {
			isa = PBXFrameworksBuildPhase;
			buildActionMask = 2147483647;
			files = (
			);
			runOnlyForDeploymentPostprocessing = 0;
		};
/* End PBXFrameworksBuildPhase section */

/* Begin PBXGroup section */
		9F0BC0E624455BDF00768BA3 = {
			isa = PBXGroup;
			children = (
				9F0BC0F124455BDF00768BA3 /* 04.customceil */,
				9F0BC0F024455BDF00768BA3 /* Products */,
			);
			sourceTree = "<group>";
		};
		9F0BC0F024455BDF00768BA3 /* Products */ = {
			isa = PBXGroup;
			children = (
				9F0BC0EF24455BDF00768BA3 /* 04.customceil.app */,
			);
			name = Products;
			sourceTree = "<group>";
		};
		9F0BC0F124455BDF00768BA3 /* 04.customceil */ = {
			isa = PBXGroup;
			children = (
				9F0BC0F224455BDF00768BA3 /* AppDelegate.swift */,
				9F0BC0F424455BDF00768BA3 /* SceneDelegate.swift */,
				9F0BC0F824455BDF00768BA3 /* Main.storyboard */,
				9F0BC0FB24455BE000768BA3 /* Assets.xcassets */,
				9F0BC0FD24455BE000768BA3 /* LaunchScreen.storyboard */,
				9F0BC10024455BE000768BA3 /* Info.plist */,
				9F0BC10A2445651800768BA3 /* CardCell.swift */,
				9F0BC10C2445664300768BA3 /* WeaponsTableViewController.swift */,
				9F0BC10E24456C1C00768BA3 /* UIViewHelper.swift */,
				9FFBB86E2447768E00609A4A /* WeaponDetailViewController.swift */,
			);
			path = 04.customceil;
			sourceTree = "<group>";
		};
/* End PBXGroup section */

/* Begin PBXNativeTarget section */
		9F0BC0EE24455BDF00768BA3 /* 04.customceil */ = {
			isa = PBXNativeTarget;
			buildConfigurationList = 9F0BC10324455BE000768BA3 /* Build configuration list for PBXNativeTarget "04.customceil" */;
			buildPhases = (
				9F0BC0EB24455BDF00768BA3 /* Sources */,
				9F0BC0EC24455BDF00768BA3 /* Frameworks */,
				9F0BC0ED24455BDF00768BA3 /* Resources */,
			);
			buildRules = (
			);
			dependencies = (
			);
			name = 04.customceil;
			productName = 04.customceil;
			productReference = 9F0BC0EF24455BDF00768BA3 /* 04.customceil.app */;
			productType = "com.apple.product-type.application";
		};
/* End PBXNativeTarget section */

/* Begin PBXProject section */
		9F0BC0E724455BDF00768BA3 /* Project object */ = {
			isa = PBXProject;
			attributes = {
				LastSwiftUpdateCheck = 1140;
				LastUpgradeCheck = 1140;
				ORGANIZATIONNAME = "Steve Yu";
				TargetAttributes = {
					9F0BC0EE24455BDF00768BA3 = {
						CreatedOnToolsVersion = 11.4;
					};
				};
			};
			buildConfigurationList = 9F0BC0EA24455BDF00768BA3 /* Build configuration list for PBXProject "04.customceil" */;
			compatibilityVersion = "Xcode 9.3";
			developmentRegion = en;
			hasScannedForEncodings = 0;
			knownRegions = (
				en,
				Base,
			);
			mainGroup = 9F0BC0E624455BDF00768BA3;
			productRefGroup = 9F0BC0F024455BDF00768BA3 /* Products */;
			projectDirPath = "";
			projectRoot = "";
			targets = (
				9F0BC0EE24455BDF00768BA3 /* 04.customceil */,
			);
		};
/* End PBXProject section */

/* Begin PBXResourcesBuildPhase section */
		9F0BC0ED24455BDF00768BA3 /* Resources */ = {
			isa = PBXResourcesBuildPhase;
			buildActionMask = 2147483647;
			files = (
				9F0BC0FF24455BE000768BA3 /* LaunchScreen.storyboard in Resources */,
				9F0BC0FC24455BE000768BA3 /* Assets.xcassets in Resources */,
				9F0BC0FA24455BDF00768BA3 /* Main.storyboard in Resources */,
			);
			runOnlyForDeploymentPostprocessing = 0;
		};
/* End PBXResourcesBuildPhase section */

/* Begin PBXSourcesBuildPhase section */
		9F0BC0EB24455BDF00768BA3 /* Sources */ = {
			isa = PBXSourcesBuildPhase;
			buildActionMask = 2147483647;
			files = (
				9F0BC10F24456C1C00768BA3 /* UIViewHelper.swift in Sources */,
				9F0BC0F324455BDF00768BA3 /* AppDelegate.swift in Sources */,
				9FFBB86F2447768E00609A4A /* WeaponDetailViewController.swift in Sources */,
				9F0BC0F524455BDF00768BA3 /* SceneDelegate.swift in Sources */,
				9F0BC10D2445664300768BA3 /* WeaponsTableViewController.swift in Sources */,
				9F0BC10B2445651800768BA3 /* CardCell.swift in Sources */,
			);
			runOnlyForDeploymentPostprocessing = 0;
		};
/* End PBXSourcesBuildPhase section */

/* Begin PBXVariantGroup section */
		9F0BC0F824455BDF00768BA3 /* Main.storyboard */ = {
			isa = PBXVariantGroup;
			children = (
				9F0BC0F924455BDF00768BA3 /* Base */,
			);
			name = Main.storyboard;
			sourceTree = "<group>";
		};
		9F0BC0FD24455BE000768BA3 /* LaunchScreen.storyboard */ = {
			isa = PBXVariantGroup;
			children = (
				9F0BC0FE24455BE000768BA3 /* Base */,
			);
			name = LaunchScreen.storyboard;
			sourceTree = "<group>";
		};
/* End PBXVariantGroup section */

/* Begin XCBuildConfiguration section */
		9F0BC10124455BE000768BA3 /* Debug */ = {
			isa = XCBuildConfiguration;
			buildSettings = {
				ALWAYS_SEARCH_USER_PATHS = NO;
				CLANG_ANALYZER_NONNULL = YES;
				CLANG_ANALYZER_NUMBER_OBJECT_CONVERSION = YES_AGGRESSIVE;
				CLANG_CXX_LANGUAGE_STANDARD = "gnu++14";
				CLANG_CXX_LIBRARY = "libc++";
				CLANG_ENABLE_MODULES = YES;
				CLANG_ENABLE_OBJC_ARC = YES;
				CLANG_ENABLE_OBJC_WEAK = YES;
				CLANG_WARN_BLOCK_CAPTURE_AUTORELEASING = YES;
				CLANG_WARN_BOOL_CONVERSION = YES;
				CLANG_WARN_COMMA = YES;
				CLANG_WARN_CONSTANT_CONVERSION = YES;
				CLANG_WARN_DEPRECATED_OBJC_IMPLEMENTATIONS = YES;
				CLANG_WARN_DIRECT_OBJC_ISA_USAGE = YES_ERROR;
				CLANG_WARN_DOCUMENTATION_COMMENTS = YES;
				CLANG_WARN_EMPTY_BODY = YES;
				CLANG_WARN_ENUM_CONVERSION = YES;
				CLANG_WARN_INFINITE_RECURSION = YES;
				CLANG_WARN_INT_CONVERSION = YES;
				CLANG_WARN_NON_LITERAL_NULL_CONVERSION = YES;
				CLANG_WARN_OBJC_IMPLICIT_RETAIN_SELF = YES;
				CLANG_WARN_OBJC_LITERAL_CONVERSION = YES;
				CLANG_WARN_OBJC_ROOT_CLASS = YES_ERROR;
				CLANG_WARN_RANGE_LOOP_ANALYSIS = YES;
				CLANG_WARN_STRICT_PROTOTYPES = YES;
				CLANG_WARN_SUSPICIOUS_MOVE = YES;
				CLANG_WARN_UNGUARDED_AVAILABILITY = YES_AGGRESSIVE;
				CLANG_WARN_UNREACHABLE_CODE = YES;
				CLANG_WARN__DUPLICATE_METHOD_MATCH = YES;
				COPY_PHASE_STRIP = NO;
				DEBUG_INFORMATION_FORMAT = dwarf;
				ENABLE_STRICT_OBJC_MSGSEND = YES;
				ENABLE_TESTABILITY = YES;
				GCC_C_LANGUAGE_STANDARD = gnu11;
				GCC_DYNAMIC_NO_PIC = NO;
				GCC_NO_COMMON_BLOCKS = YES;
				GCC_OPTIMIZATION_LEVEL = 0;
				GCC_PREPROCESSOR_DEFINITIONS = (
					"DEBUG=1",
					"$(inherited)",
				);
				GCC_WARN_64_TO_32_BIT_CONVERSION = YES;
				GCC_WARN_ABOUT_RETURN_TYPE = YES_ERROR;
				GCC_WARN_UNDECLARED_SELECTOR = YES;
				GCC_WARN_UNINITIALIZED_AUTOS = YES_AGGRESSIVE;
				GCC_WARN_UNUSED_FUNCTION = YES;
				GCC_WARN_UNUSED_VARIABLE = YES;
				IPHONEOS_DEPLOYMENT_TARGET = 13.4;
				MTL_ENABLE_DEBUG_INFO = INCLUDE_SOURCE;
				MTL_FAST_MATH = YES;
				ONLY_ACTIVE_ARCH = YES;
				SDKROOT = iphoneos;
				SWIFT_ACTIVE_COMPILATION_CONDITIONS = DEBUG;
				SWIFT_OPTIMIZATION_LEVEL = "-Onone";
			};
			name = Debug;
		};
		9F0BC10224455BE000768BA3 /* Release */ = {
			isa = XCBuildConfiguration;
			buildSettings = {
				ALWAYS_SEARCH_USER_PATHS = NO;
				CLANG_ANALYZER_NONNULL = YES;
				CLANG_ANALYZER_NUMBER_OBJECT_CONVERSION = YES_AGGRESSIVE;
				CLANG_CXX_LANGUAGE_STANDARD = "gnu++14";
				CLANG_CXX_LIBRARY = "libc++";
				CLANG_ENABLE_MODULES = YES;
				CLANG_ENABLE_OBJC_ARC = YES;
				CLANG_ENABLE_OBJC_WEAK = YES;
				CLANG_WARN_BLOCK_CAPTURE_AUTORELEASING = YES;
				CLANG_WARN_BOOL_CONVERSION = YES;
				CLANG_WARN_COMMA = YES;
				CLANG_WARN_CONSTANT_CONVERSION = YES;
				CLANG_WARN_DEPRECATED_OBJC_IMPLEMENTATIONS = YES;
				CLANG_WARN_DIRECT_OBJC_ISA_USAGE = YES_ERROR;
				CLANG_WARN_DOCUMENTATION_COMMENTS = YES;
				CLANG_WARN_EMPTY_BODY = YES;
				CLANG_WARN_ENUM_CONVERSION = YES;
				CLANG_WARN_INFINITE_RECURSION = YES;
				CLANG_WARN_INT_CONVERSION = YES;
				CLANG_WARN_NON_LITERAL_NULL_CONVERSION = YES;
				CLANG_WARN_OBJC_IMPLICIT_RETAIN_SELF = YES;
				CLANG_WARN_OBJC_LITERAL_CONVERSION = YES;
				CLANG_WARN_OBJC_ROOT_CLASS = YES_ERROR;
				CLANG_WARN_RANGE_LOOP_ANALYSIS = YES;
				CLANG_WARN_STRICT_PROTOTYPES = YES;
				CLANG_WARN_SUSPICIOUS_MOVE = YES;
				CLANG_WARN_UNGUARDED_AVAILABILITY = YES_AGGRESSIVE;
				CLANG_WARN_UNREACHABLE_CODE = YES;
				CLANG_WARN__DUPLICATE_METHOD_MATCH = YES;
				COPY_PHASE_STRIP = NO;
				DEBUG_INFORMATION_FORMAT = "dwarf-with-dsym";
				ENABLE_NS_ASSERTIONS = NO;
				ENABLE_STRICT_OBJC_MSGSEND = YES;
				GCC_C_LANGUAGE_STANDARD = gnu11;
				GCC_NO_COMMON_BLOCKS = YES;
				GCC_WARN_64_TO_32_BIT_CONVERSION = YES;
				GCC_WARN_ABOUT_RETURN_TYPE = YES_ERROR;
				GCC_WARN_UNDECLARED_SELECTOR = YES;
				GCC_WARN_UNINITIALIZED_AUTOS = YES_AGGRESSIVE;
				GCC_WARN_UNUSED_FUNCTION = YES;
				GCC_WARN_UNUSED_VARIABLE = YES;
				IPHONEOS_DEPLOYMENT_TARGET = 13.4;
				MTL_ENABLE_DEBUG_INFO = NO;
				MTL_FAST_MATH = YES;
				SDKROOT = iphoneos;
				SWIFT_COMPILATION_MODE = wholemodule;
				SWIFT_OPTIMIZATION_LEVEL = "-O";
				VALIDATE_PRODUCT = YES;
			};
			name = Release;
		};
		9F0BC10424455BE000768BA3 /* Debug */ = {
			isa = XCBuildConfiguration;
			buildSettings = {
				ASSETCATALOG_COMPILER_APPICON_NAME = AppIcon;
				CODE_SIGN_STYLE = Automatic;
				DEVELOPMENT_TEAM = 49LSS4CMK7;
				INFOPLIST_FILE = 04.customceil/Info.plist;
				LD_RUNPATH_SEARCH_PATHS = (
					"$(inherited)",
					"@executable_path/Frameworks",
				);
				PRODUCT_BUNDLE_IDENTIFIER = "com.littlepage.-4-customceil";
				PRODUCT_NAME = "$(TARGET_NAME)";
				SWIFT_VERSION = 5.0;
				TARGETED_DEVICE_FAMILY = "1,2";
			};
			name = Debug;
		};
		9F0BC10524455BE000768BA3 /* Release */ = {
			isa = XCBuildConfiguration;
			buildSettings = {
				ASSETCATALOG_COMPILER_APPICON_NAME = AppIcon;
				CODE_SIGN_STYLE = Automatic;
				DEVELOPMENT_TEAM = 49LSS4CMK7;
				INFOPLIST_FILE = 04.customceil/Info.plist;
				LD_RUNPATH_SEARCH_PATHS = (
					"$(inherited)",
					"@executable_path/Frameworks",
				);
				PRODUCT_BUNDLE_IDENTIFIER = "com.littlepage.-4-customceil";
				PRODUCT_NAME = "$(TARGET_NAME)";
				SWIFT_VERSION = 5.0;
				TARGETED_DEVICE_FAMILY = "1,2";
			};
			name = Release;
		};
/* End XCBuildConfiguration section */

/* Begin XCConfigurationList section */
		9F0BC0EA24455BDF00768BA3 /* Build configuration list for PBXProject "04.customceil" */ = {
			isa = XCConfigurationList;
			buildConfigurations = (
				9F0BC10124455BE000768BA3 /* Debug */,
				9F0BC10224455BE000768BA3 /* Release */,
			);
			defaultConfigurationIsVisible = 0;
			defaultConfigurationName = Release;
		};
		9F0BC10324455BE000768BA3 /* Build configuration list for PBXNativeTarget "04.customceil" */ = {
			isa = XCConfigurationList;
			buildConfigurations = (
				9F0BC10424455BE000768BA3 /* Debug */,
				9F0BC10524455BE000768BA3 /* Release */,
			);
			defaultConfigurationIsVisible = 0;
			defaultConfigurationName = Release;
		};
/* End XCConfigurationList section */
	};
	rootObject = 9F0BC0E724455BDF00768BA3 /* Project object */;
}
